
Microsoft Visual Studio Solution File, Format Version 12.00
# Visual Studio 15
Project("{FAE04EC0-301F-11D3-BF4B-00C04F79EFBC}") = "Assembly-CSharp", "Assembly-CSharp.csproj", "{CF4DEE0D-68CA-9226-3BD6-B2E1380CE9A0}"
EndProject
Project("{FAE04EC0-301F-11D3-BF4B-00C04F79EFBC}") = "Assembly-CSharp-firstpass", "Assembly-CSharp-firstpass.csproj", "{9C1AFF6D-C3FA-A16F-5004-998F518D3065}"
EndProject
Project("{FAE04EC0-301F-11D3-BF4B-00C04F79EFBC}") = "Assembly-CSharp-Editor", "Assembly-CSharp-Editor.csproj", "{43D1970F-0B69-E304-99C1-D1AAEBF65D17}"
EndProject
Project("{FAE04EC0-301F-11D3-BF4B-00C04F79EFBC}") = "Assembly-CSharp-Editor-firstpass", "Assembly-CSharp-Editor-firstpass.csproj", "{A0E63F0C-ABCD-2696-5ABA-DBE3E9F0ABFE}"
EndProject
Global
	GlobalSection(SolutionConfigurationPlatforms) = preSolution
		Debug|Any CPU = Debug|Any CPU
		Release|Any CPU = Release|Any CPU
	EndGlobalSection
	GlobalSection(ProjectConfigurationPlatforms) = postSolution
		{CF4DEE0D-68CA-9226-3BD6-B2E1380CE9A0}.Debug|Any CPU.ActiveCfg = Debug|Any CPU
		{CF4DEE0D-68CA-9226-3BD6-B2E1380CE9A0}.Debug|Any CPU.Build.0 = Debug|Any CPU
		{CF4DEE0D-68CA-9226-3BD6-B2E1380CE9A0}.Release|Any CPU.ActiveCfg = Release|Any CPU
		{CF4DEE0D-68CA-9226-3BD6-B2E1380CE9A0}.Release|Any CPU.Build.0 = Release|Any CPU
		{9C1AFF6D-C3FA-A16F-5004-998F518D3065}.Debug|Any CPU.ActiveCfg = Debug|Any CPU
		{9C1AFF6D-C3FA-A16F-5004-998F518D3065}.Debug|Any CPU.Build.0 = Debug|Any CPU
		{9C1AFF6D-C3FA-A16F-5004-998F518D3065}.Release|Any CPU.ActiveCfg = Release|Any CPU
		{9C1AFF6D-C3FA-A16F-5004-998F518D3065}.Release|Any CPU.Build.0 = Release|Any CPU
		{43D1970F-0B69-E304-99C1-D1AAEBF65D17}.Debug|Any CPU.ActiveCfg = Debug|Any CPU
		{43D1970F-0B69-E304-99C1-D1AAEBF65D17}.Debug|Any CPU.Build.0 = Debug|Any CPU
		{43D1970F-0B69-E304-99C1-D1AAEBF65D17}.Release|Any CPU.ActiveCfg = Release|Any CPU
		{43D1970F-0B69-E304-99C1-D1AAEBF65D17}.Release|Any CPU.Build.0 = Release|Any CPU
		{A0E63F0C-ABCD-2696-5ABA-DBE3E9F0ABFE}.Debug|Any CPU.ActiveCfg = Debug|Any CPU
		{A0E63F0C-ABCD-2696-5ABA-DBE3E9F0ABFE}.Debug|Any CPU.Build.0 = Debug|Any CPU
		{A0E63F0C-ABCD-2696-5ABA-DBE3E9F0ABFE}.Release|Any CPU.ActiveCfg = Release|Any CPU
		{A0E63F0C-ABCD-2696-5ABA-DBE3E9F0ABFE}.Release|Any CPU.Build.0 = Release|Any CPU
	EndGlobalSection
	GlobalSection(SolutionProperties) = preSolution
		HideSolutionNode = FALSE
	EndGlobalSection
EndGlobal
